
Microsoft Visual Studio Solution File, Format Version 12.00
# Visual Studio Version 16
VisualStudioVersion = 16.0.31424.327
MinimumVisualStudioVersion = 10.0.40219.1
Project("{FAE04EC0-301F-11D3-BF4B-00C04F79EFBC}") = "SchoolManagementApp.Models", "SchoolManagementApp.Models.csproj", "{6811491F-3BD6-42D0-9EDE-9FE727460BD8}"
EndProject
Global
	GlobalSection(SolutionConfigurationPlatforms) = preSolution
		Debug|Any CPU = Debug|Any CPU
		Release|Any CPU = Release|Any CPU
	EndGlobalSection
	GlobalSection(ProjectConfigurationPlatforms) = postSolution
		{6811491F-3BD6-42D0-9EDE-9FE727460BD8}.Debug|Any CPU.ActiveCfg = Debug|Any CPU
		{6811491F-3BD6-42D0-9EDE-9FE727460BD8}.Debug|Any CPU.Build.0 = Debug|Any CPU
		{6811491F-3BD6-42D0-9EDE-9FE727460BD8}.Release|Any CPU.ActiveCfg = Release|Any CPU
		{6811491F-3BD6-42D0-9EDE-9FE727460BD8}.Release|Any CPU.Build.0 = Release|Any CPU
	EndGlobalSection
	GlobalSection(SolutionProperties) = preSolution
		HideSolutionNode = FALSE
	EndGlobalSection
	GlobalSection(ExtensibilityGlobals) = postSolution
		SolutionGuid = {7A65CE40-7C86-4809-AFA2-0B8B4D7F5366}
	EndGlobalSection
EndGlobal
